// !$*UTF8*$!
{
	archiveVersion = 1;
	classes = {
	};
	objectVersion = 55;
	objects = {

/* Begin PBXBuildFile section */
		1203A9FD2817914B00DBAB2C /* UITextView+Additions.swift in Sources */ = {isa = PBXBuildFile; fileRef = 1203A9FC2817914B00DBAB2C /* UITextView+Additions.swift */; };
		1203AA0428179D1C00DBAB2C /* Topic+CoreDataClass.swift in Sources */ = {isa = PBXBuildFile; fileRef = 1203A9FE28179D1C00DBAB2C /* Topic+CoreDataClass.swift */; };
		1203AA0528179D1C00DBAB2C /* Topic+CoreDataProperties.swift in Sources */ = {isa = PBXBuildFile; fileRef = 1203A9FF28179D1C00DBAB2C /* Topic+CoreDataProperties.swift */; };
		1203AA0628179D1C00DBAB2C /* Subject+CoreDataClass.swift in Sources */ = {isa = PBXBuildFile; fileRef = 1203AA0028179D1C00DBAB2C /* Subject+CoreDataClass.swift */; };
		1203AA0728179D1C00DBAB2C /* Subject+CoreDataProperties.swift in Sources */ = {isa = PBXBuildFile; fileRef = 1203AA0128179D1C00DBAB2C /* Subject+CoreDataProperties.swift */; };
		1203AA0828179D1C00DBAB2C /* SavedDate+CoreDataClass.swift in Sources */ = {isa = PBXBuildFile; fileRef = 1203AA0228179D1C00DBAB2C /* SavedDate+CoreDataClass.swift */; };
		1203AA0928179D1C00DBAB2C /* SavedDate+CoreDataProperties.swift in Sources */ = {isa = PBXBuildFile; fileRef = 1203AA0328179D1C00DBAB2C /* SavedDate+CoreDataProperties.swift */; };
		122BE64A280C5B42007C4797 /* TopicsTableViewCell.swift in Sources */ = {isa = PBXBuildFile; fileRef = 122BE648280C5B42007C4797 /* TopicsTableViewCell.swift */; };
		122BE655280CBA6C007C4797 /* DatesTableViewCell.swift in Sources */ = {isa = PBXBuildFile; fileRef = 122BE653280CBA6C007C4797 /* DatesTableViewCell.swift */; };
		122BE656280CBA6C007C4797 /* DatesTableViewCell.xib in Resources */ = {isa = PBXBuildFile; fileRef = 122BE654280CBA6C007C4797 /* DatesTableViewCell.xib */; };
		1238BF67280E56F60014DC05 /* AddDateViewController.swift in Sources */ = {isa = PBXBuildFile; fileRef = 1238BF66280E56F60014DC05 /* AddDateViewController.swift */; };
		128087D9281371CA006CA9F3 /* RadioButtonGroup.swift in Sources */ = {isa = PBXBuildFile; fileRef = 128087D8281371CA006CA9F3 /* RadioButtonGroup.swift */; };
		12996D92280AFA4A006DFF35 /* AppDelegate.swift in Sources */ = {isa = PBXBuildFile; fileRef = 12996D91280AFA4A006DFF35 /* AppDelegate.swift */; };
		12996D94280AFA4A006DFF35 /* SceneDelegate.swift in Sources */ = {isa = PBXBuildFile; fileRef = 12996D93280AFA4A006DFF35 /* SceneDelegate.swift */; };
		12996D99280AFA4A006DFF35 /* Main.storyboard in Resources */ = {isa = PBXBuildFile; fileRef = 12996D97280AFA4A006DFF35 /* Main.storyboard */; };
		12996D9C280AFA4A006DFF35 /* CoreDataTest.xcdatamodeld in Sources */ = {isa = PBXBuildFile; fileRef = 12996D9A280AFA4A006DFF35 /* CoreDataTest.xcdatamodeld */; };
		12996D9E280AFA4C006DFF35 /* Assets.xcassets in Resources */ = {isa = PBXBuildFile; fileRef = 12996D9D280AFA4C006DFF35 /* Assets.xcassets */; };
		12996DA1280AFA4C006DFF35 /* LaunchScreen.storyboard in Resources */ = {isa = PBXBuildFile; fileRef = 12996D9F280AFA4C006DFF35 /* LaunchScreen.storyboard */; };
		12996DA9280AFAB8006DFF35 /* ProgressBar.swift in Sources */ = {isa = PBXBuildFile; fileRef = 12996DA8280AFAB8006DFF35 /* ProgressBar.swift */; };
		12996DAF280B0131006DFF35 /* SubjectTableViewCell.swift in Sources */ = {isa = PBXBuildFile; fileRef = 12996DAD280B0131006DFF35 /* SubjectTableViewCell.swift */; };
		12D5750D280D644F00D3BCF4 /* SubjectViewController.swift in Sources */ = {isa = PBXBuildFile; fileRef = 12D5750C280D644F00D3BCF4 /* SubjectViewController.swift */; };
		12D5750F280D683900D3BCF4 /* TopicsViewController.swift in Sources */ = {isa = PBXBuildFile; fileRef = 12D5750E280D683900D3BCF4 /* TopicsViewController.swift */; };
		12D57511280D732E00D3BCF4 /* DatesViewController.swift in Sources */ = {isa = PBXBuildFile; fileRef = 12D57510280D732E00D3BCF4 /* DatesViewController.swift */; };
		12D57515280DA1D300D3BCF4 /* SavedDateViewController.swift in Sources */ = {isa = PBXBuildFile; fileRef = 12D57514280DA1D300D3BCF4 /* SavedDateViewController.swift */; };
/* End PBXBuildFile section */

/* Begin PBXFileReference section */
		1203A9FC2817914B00DBAB2C /* UITextView+Additions.swift */ = {isa = PBXFileReference; fileEncoding = 4; lastKnownFileType = sourcecode.swift; path = "UITextView+Additions.swift"; sourceTree = "<group>"; };
		1203A9FE28179D1C00DBAB2C /* Topic+CoreDataClass.swift */ = {isa = PBXFileReference; lastKnownFileType = sourcecode.swift; path = "Topic+CoreDataClass.swift"; sourceTree = "<group>"; };
		1203A9FF28179D1C00DBAB2C /* Topic+CoreDataProperties.swift */ = {isa = PBXFileReference; lastKnownFileType = sourcecode.swift; path = "Topic+CoreDataProperties.swift"; sourceTree = "<group>"; };
		1203AA0028179D1C00DBAB2C /* Subject+CoreDataClass.swift */ = {isa = PBXFileReference; lastKnownFileType = sourcecode.swift; path = "Subject+CoreDataClass.swift"; sourceTree = "<group>"; };
		1203AA0128179D1C00DBAB2C /* Subject+CoreDataProperties.swift */ = {isa = PBXFileReference; lastKnownFileType = sourcecode.swift; path = "Subject+CoreDataProperties.swift"; sourceTree = "<group>"; };
		1203AA0228179D1C00DBAB2C /* SavedDate+CoreDataClass.swift */ = {isa = PBXFileReference; lastKnownFileType = sourcecode.swift; path = "SavedDate+CoreDataClass.swift"; sourceTree = "<group>"; };
		1203AA0328179D1C00DBAB2C /* SavedDate+CoreDataProperties.swift */ = {isa = PBXFileReference; lastKnownFileType = sourcecode.swift; path = "SavedDate+CoreDataProperties.swift"; sourceTree = "<group>"; };
		122BE648280C5B42007C4797 /* TopicsTableViewCell.swift */ = {isa = PBXFileReference; lastKnownFileType = sourcecode.swift; path = TopicsTableViewCell.swift; sourceTree = "<group>"; };
		122BE653280CBA6C007C4797 /* DatesTableViewCell.swift */ = {isa = PBXFileReference; lastKnownFileType = sourcecode.swift; path = DatesTableViewCell.swift; sourceTree = "<group>"; };
		122BE654280CBA6C007C4797 /* DatesTableViewCell.xib */ = {isa = PBXFileReference; lastKnownFileType = file.xib; path = DatesTableViewCell.xib; sourceTree = "<group>"; };
		1238BF66280E56F60014DC05 /* AddDateViewController.swift */ = {isa = PBXFileReference; lastKnownFileType = sourcecode.swift; path = AddDateViewController.swift; sourceTree = "<group>"; };
		128087D8281371CA006CA9F3 /* RadioButtonGroup.swift */ = {isa = PBXFileReference; lastKnownFileType = sourcecode.swift; path = RadioButtonGroup.swift; sourceTree = "<group>"; };
		12996D8E280AFA4A006DFF35 /* CoreDataTest.app */ = {isa = PBXFileReference; explicitFileType = wrapper.application; includeInIndex = 0; path = CoreDataTest.app; sourceTree = BUILT_PRODUCTS_DIR; };
		12996D91280AFA4A006DFF35 /* AppDelegate.swift */ = {isa = PBXFileReference; lastKnownFileType = sourcecode.swift; path = AppDelegate.swift; sourceTree = "<group>"; };
		12996D93280AFA4A006DFF35 /* SceneDelegate.swift */ = {isa = PBXFileReference; lastKnownFileType = sourcecode.swift; path = SceneDelegate.swift; sourceTree = "<group>"; };
		12996D98280AFA4A006DFF35 /* Base */ = {isa = PBXFileReference; lastKnownFileType = file.storyboard; name = Base; path = Base.lproj/Main.storyboard; sourceTree = "<group>"; };
		12996D9B280AFA4A006DFF35 /* CoreDataTest.xcdatamodel */ = {isa = PBXFileReference; lastKnownFileType = wrapper.xcdatamodel; path = CoreDataTest.xcdatamodel; sourceTree = "<group>"; };
		12996D9D280AFA4C006DFF35 /* Assets.xcassets */ = {isa = PBXFileReference; lastKnownFileType = folder.assetcatalog; path = Assets.xcassets; sourceTree = "<group>"; };
		12996DA0280AFA4C006DFF35 /* Base */ = {isa = PBXFileReference; lastKnownFileType = file.storyboard; name = Base; path = Base.lproj/LaunchScreen.storyboard; sourceTree = "<group>"; };
		12996DA2280AFA4C006DFF35 /* Info.plist */ = {isa = PBXFileReference; lastKnownFileType = text.plist.xml; path = Info.plist; sourceTree = "<group>"; };
		12996DA8280AFAB8006DFF35 /* ProgressBar.swift */ = {isa = PBXFileReference; lastKnownFileType = sourcecode.swift; path = ProgressBar.swift; sourceTree = "<group>"; };
		12996DAD280B0131006DFF35 /* SubjectTableViewCell.swift */ = {isa = PBXFileReference; lastKnownFileType = sourcecode.swift; path = SubjectTableViewCell.swift; sourceTree = "<group>"; };
		12D5750C280D644F00D3BCF4 /* SubjectViewController.swift */ = {isa = PBXFileReference; lastKnownFileType = sourcecode.swift; path = SubjectViewController.swift; sourceTree = "<group>"; };
		12D5750E280D683900D3BCF4 /* TopicsViewController.swift */ = {isa = PBXFileReference; lastKnownFileType = sourcecode.swift; path = TopicsViewController.swift; sourceTree = "<group>"; };
		12D57510280D732E00D3BCF4 /* DatesViewController.swift */ = {isa = PBXFileReference; lastKnownFileType = sourcecode.swift; path = DatesViewController.swift; sourceTree = "<group>"; };
		12D57514280DA1D300D3BCF4 /* SavedDateViewController.swift */ = {isa = PBXFileReference; lastKnownFileType = sourcecode.swift; path = SavedDateViewController.swift; sourceTree = "<group>"; };
/* End PBXFileReference section */

/* Begin PBXFrameworksBuildPhase section */
		12996D8B280AFA4A006DFF35 /* Frameworks */ = {
			isa = PBXFrameworksBuildPhase;
			buildActionMask = 2147483647;
			files = (
			);
			runOnlyForDeploymentPostprocessing = 0;
		};
/* End PBXFrameworksBuildPhase section */

/* Begin PBXGroup section */
		1203AA0A28179D2300DBAB2C /* CordeDataModel */ = {
			isa = PBXGroup;
			children = (
				1203AA0028179D1C00DBAB2C /* Subject+CoreDataClass.swift */,
				1203AA0128179D1C00DBAB2C /* Subject+CoreDataProperties.swift */,
				1203A9FE28179D1C00DBAB2C /* Topic+CoreDataClass.swift */,
				1203A9FF28179D1C00DBAB2C /* Topic+CoreDataProperties.swift */,
				1203AA0228179D1C00DBAB2C /* SavedDate+CoreDataClass.swift */,
				1203AA0328179D1C00DBAB2C /* SavedDate+CoreDataProperties.swift */,
			);
			path = CordeDataModel;
			sourceTree = "<group>";
		};
		122BE647280C5B1D007C4797 /* TopicsTableViewCell */ = {
			isa = PBXGroup;
			children = (
				122BE648280C5B42007C4797 /* TopicsTableViewCell.swift */,
			);
			path = TopicsTableViewCell;
			sourceTree = "<group>";
		};
		122BE650280C921F007C4797 /* DateTableViewCells */ = {
			isa = PBXGroup;
			children = (
				122BE653280CBA6C007C4797 /* DatesTableViewCell.swift */,
				122BE654280CBA6C007C4797 /* DatesTableViewCell.xib */,
			);
			path = DateTableViewCells;
			sourceTree = "<group>";
		};
		1238BF68280EF8490014DC05 /* Utilities */ = {
			isa = PBXGroup;
			children = (
				1203A9FC2817914B00DBAB2C /* UITextView+Additions.swift */,
			);
			path = Utilities;
			sourceTree = "<group>";
		};
		128087D52811CA3D006CA9F3 /* RadioButton */ = {
			isa = PBXGroup;
			children = (
				128087D8281371CA006CA9F3 /* RadioButtonGroup.swift */,
			);
			path = RadioButton;
			sourceTree = "<group>";
		};
		12996D85280AFA4A006DFF35 = {
			isa = PBXGroup;
			children = (
				12996D90280AFA4A006DFF35 /* CoreDataTest */,
				12996D8F280AFA4A006DFF35 /* Products */,
			);
			sourceTree = "<group>";
		};
		12996D8F280AFA4A006DFF35 /* Products */ = {
			isa = PBXGroup;
			children = (
				12996D8E280AFA4A006DFF35 /* CoreDataTest.app */,
			);
			name = Products;
			sourceTree = "<group>";
		};
		12996D90280AFA4A006DFF35 /* CoreDataTest */ = {
			isa = PBXGroup;
			children = (
				12996D91280AFA4A006DFF35 /* AppDelegate.swift */,
				12996D93280AFA4A006DFF35 /* SceneDelegate.swift */,
				1203AA0A28179D2300DBAB2C /* CordeDataModel */,
				1238BF68280EF8490014DC05 /* Utilities */,
				12996DAC280AFFE3006DFF35 /* Custom TableViewCell */,
				12D5751D280E215E00D3BCF4 /* Custom UIView */,
				12996DAB280AFACF006DFF35 /* Screens */,
				12996D9D280AFA4C006DFF35 /* Assets.xcassets */,
				12996D9A280AFA4A006DFF35 /* CoreDataTest.xcdatamodeld */,
				12996DA2280AFA4C006DFF35 /* Info.plist */,
			);
			path = CoreDataTest;
			sourceTree = "<group>";
		};
		12996DAA280AFAC4006DFF35 /* ProgressBar */ = {
			isa = PBXGroup;
			children = (
				12996DA8280AFAB8006DFF35 /* ProgressBar.swift */,
			);
			path = ProgressBar;
			sourceTree = "<group>";
		};
		12996DAB280AFACF006DFF35 /* Screens */ = {
			isa = PBXGroup;
			children = (
				12D5750C280D644F00D3BCF4 /* SubjectViewController.swift */,
				12D5750E280D683900D3BCF4 /* TopicsViewController.swift */,
				12D57510280D732E00D3BCF4 /* DatesViewController.swift */,
				12D57514280DA1D300D3BCF4 /* SavedDateViewController.swift */,
				1238BF66280E56F60014DC05 /* AddDateViewController.swift */,
				12996D97280AFA4A006DFF35 /* Main.storyboard */,
				12996D9F280AFA4C006DFF35 /* LaunchScreen.storyboard */,
			);
			path = Screens;
			sourceTree = "<group>";
		};
		12996DAC280AFFE3006DFF35 /* Custom TableViewCell */ = {
			isa = PBXGroup;
			children = (
				122BE650280C921F007C4797 /* DateTableViewCells */,
				122BE647280C5B1D007C4797 /* TopicsTableViewCell */,
				12996DB1280B0141006DFF35 /* SubjectTableViewCell */,
			);
			path = "Custom TableViewCell";
			sourceTree = "<group>";
		};
		12996DB1280B0141006DFF35 /* SubjectTableViewCell */ = {
			isa = PBXGroup;
			children = (
				12996DAD280B0131006DFF35 /* SubjectTableViewCell.swift */,
			);
			path = SubjectTableViewCell;
			sourceTree = "<group>";
		};
		12D5751D280E215E00D3BCF4 /* Custom UIView */ = {
			isa = PBXGroup;
			children = (
				128087D52811CA3D006CA9F3 /* RadioButton */,
				12996DAA280AFAC4006DFF35 /* ProgressBar */,
			);
			path = "Custom UIView";
			sourceTree = "<group>";
		};
/* End PBXGroup section */

/* Begin PBXNativeTarget section */
		12996D8D280AFA4A006DFF35 /* CoreDataTest */ = {
			isa = PBXNativeTarget;
			buildConfigurationList = 12996DA5280AFA4C006DFF35 /* Build configuration list for PBXNativeTarget "CoreDataTest" */;
			buildPhases = (
				12996D8A280AFA4A006DFF35 /* Sources */,
				12996D8B280AFA4A006DFF35 /* Frameworks */,
				12996D8C280AFA4A006DFF35 /* Resources */,
			);
			buildRules = (
			);
			dependencies = (
			);
			name = CoreDataTest;
			productName = CoreDataTest;
			productReference = 12996D8E280AFA4A006DFF35 /* CoreDataTest.app */;
			productType = "com.apple.product-type.application";
		};
/* End PBXNativeTarget section */

/* Begin PBXProject section */
		12996D86280AFA4A006DFF35 /* Project object */ = {
			isa = PBXProject;
			attributes = {
				BuildIndependentTargetsInParallel = 1;
				LastSwiftUpdateCheck = 1330;
				LastUpgradeCheck = 1330;
				TargetAttributes = {
					12996D8D280AFA4A006DFF35 = {
						CreatedOnToolsVersion = 13.3;
					};
				};
			};
			buildConfigurationList = 12996D89280AFA4A006DFF35 /* Build configuration list for PBXProject "CoreDataTest" */;
			compatibilityVersion = "Xcode 13.0";
			developmentRegion = en;
			hasScannedForEncodings = 0;
			knownRegions = (
				en,
				Base,
			);
			mainGroup = 12996D85280AFA4A006DFF35;
			productRefGroup = 12996D8F280AFA4A006DFF35 /* Products */;
			projectDirPath = "";
			projectRoot = "";
			targets = (
				12996D8D280AFA4A006DFF35 /* CoreDataTest */,
			);
		};
/* End PBXProject section */

/* Begin PBXResourcesBuildPhase section */
		12996D8C280AFA4A006DFF35 /* Resources */ = {
			isa = PBXResourcesBuildPhase;
			buildActionMask = 2147483647;
			files = (
				12996DA1280AFA4C006DFF35 /* LaunchScreen.storyboard in Resources */,
				122BE656280CBA6C007C4797 /* DatesTableViewCell.xib in Resources */,
				12996D9E280AFA4C006DFF35 /* Assets.xcassets in Resources */,
				12996D99280AFA4A006DFF35 /* Main.storyboard in Resources */,
			);
			runOnlyForDeploymentPostprocessing = 0;
		};
/* End PBXResourcesBuildPhase section */

/* Begin PBXSourcesBuildPhase section */
		12996D8A280AFA4A006DFF35 /* Sources */ = {
			isa = PBXSourcesBuildPhase;
			buildActionMask = 2147483647;
			files = (
				1203AA0628179D1C00DBAB2C /* Subject+CoreDataClass.swift in Sources */,
				122BE64A280C5B42007C4797 /* TopicsTableViewCell.swift in Sources */,
				122BE655280CBA6C007C4797 /* DatesTableViewCell.swift in Sources */,
				12996D9C280AFA4A006DFF35 /* CoreDataTest.xcdatamodeld in Sources */,
				12996D92280AFA4A006DFF35 /* AppDelegate.swift in Sources */,
				1203AA0828179D1C00DBAB2C /* SavedDate+CoreDataClass.swift in Sources */,
				1203AA0728179D1C00DBAB2C /* Subject+CoreDataProperties.swift in Sources */,
				12996DA9280AFAB8006DFF35 /* ProgressBar.swift in Sources */,
				1238BF67280E56F60014DC05 /* AddDateViewController.swift in Sources */,
				1203AA0428179D1C00DBAB2C /* Topic+CoreDataClass.swift in Sources */,
				12D5750F280D683900D3BCF4 /* TopicsViewController.swift in Sources */,
				128087D9281371CA006CA9F3 /* RadioButtonGroup.swift in Sources */,
				12D5750D280D644F00D3BCF4 /* SubjectViewController.swift in Sources */,
				1203AA0928179D1C00DBAB2C /* SavedDate+CoreDataProperties.swift in Sources */,
				12D57515280DA1D300D3BCF4 /* SavedDateViewController.swift in Sources */,
				12996DAF280B0131006DFF35 /* SubjectTableViewCell.swift in Sources */,
				1203A9FD2817914B00DBAB2C /* UITextView+Additions.swift in Sources */,
				12D57511280D732E00D3BCF4 /* DatesViewController.swift in Sources */,
				1203AA0528179D1C00DBAB2C /* Topic+CoreDataProperties.swift in Sources */,
				12996D94280AFA4A006DFF35 /* SceneDelegate.swift in Sources */,
			);
			runOnlyForDeploymentPostprocessing = 0;
		};
/* End PBXSourcesBuildPhase section */

/* Begin PBXVariantGroup section */
		12996D97280AFA4A006DFF35 /* Main.storyboard */ = {
			isa = PBXVariantGroup;
			children = (
				12996D98280AFA4A006DFF35 /* Base */,
			);
			name = Main.storyboard;
			sourceTree = "<group>";
		};
		12996D9F280AFA4C006DFF35 /* LaunchScreen.storyboard */ = {
			isa = PBXVariantGroup;
			children = (
				12996DA0280AFA4C006DFF35 /* Base */,
			);
			name = LaunchScreen.storyboard;
			sourceTree = "<group>";
		};
/* End PBXVariantGroup section */

/* Begin XCBuildConfiguration section */
		12996DA3280AFA4C006DFF35 /* Debug */ = {
			isa = XCBuildConfiguration;
			buildSettings = {
				ALWAYS_SEARCH_USER_PATHS = NO;
				CLANG_ANALYZER_NONNULL = YES;
				CLANG_ANALYZER_NUMBER_OBJECT_CONVERSION = YES_AGGRESSIVE;
				CLANG_CXX_LANGUAGE_STANDARD = "gnu++17";
				CLANG_ENABLE_MODULES = YES;
				CLANG_ENABLE_OBJC_ARC = YES;
				CLANG_ENABLE_OBJC_WEAK = YES;
				CLANG_WARN_BLOCK_CAPTURE_AUTORELEASING = YES;
				CLANG_WARN_BOOL_CONVERSION = YES;
				CLANG_WARN_COMMA = YES;
				CLANG_WARN_CONSTANT_CONVERSION = YES;
				CLANG_WARN_DEPRECATED_OBJC_IMPLEMENTATIONS = YES;
				CLANG_WARN_DIRECT_OBJC_ISA_USAGE = YES_ERROR;
				CLANG_WARN_DOCUMENTATION_COMMENTS = YES;
				CLANG_WARN_EMPTY_BODY = YES;
				CLANG_WARN_ENUM_CONVERSION = YES;
				CLANG_WARN_INFINITE_RECURSION = YES;
				CLANG_WARN_INT_CONVERSION = YES;
				CLANG_WARN_NON_LITERAL_NULL_CONVERSION = YES;
				CLANG_WARN_OBJC_IMPLICIT_RETAIN_SELF = YES;
				CLANG_WARN_OBJC_LITERAL_CONVERSION = YES;
				CLANG_WARN_OBJC_ROOT_CLASS = YES_ERROR;
				CLANG_WARN_QUOTED_INCLUDE_IN_FRAMEWORK_HEADER = YES;
				CLANG_WARN_RANGE_LOOP_ANALYSIS = YES;
				CLANG_WARN_STRICT_PROTOTYPES = YES;
				CLANG_WARN_SUSPICIOUS_MOVE = YES;
				CLANG_WARN_UNGUARDED_AVAILABILITY = YES_AGGRESSIVE;
				CLANG_WARN_UNREACHABLE_CODE = YES;
				CLANG_WARN__DUPLICATE_METHOD_MATCH = YES;
				COPY_PHASE_STRIP = NO;
				DEBUG_INFORMATION_FORMAT = dwarf;
				ENABLE_STRICT_OBJC_MSGSEND = YES;
				ENABLE_TESTABILITY = YES;
				GCC_C_LANGUAGE_STANDARD = gnu11;
				GCC_DYNAMIC_NO_PIC = NO;
				GCC_NO_COMMON_BLOCKS = YES;
				GCC_OPTIMIZATION_LEVEL = 0;
				GCC_PREPROCESSOR_DEFINITIONS = (
					"DEBUG=1",
					"$(inherited)",
				);
				GCC_WARN_64_TO_32_BIT_CONVERSION = YES;
				GCC_WARN_ABOUT_RETURN_TYPE = YES_ERROR;
				GCC_WARN_UNDECLARED_SELECTOR = YES;
				GCC_WARN_UNINITIALIZED_AUTOS = YES_AGGRESSIVE;
				GCC_WARN_UNUSED_FUNCTION = YES;
				GCC_WARN_UNUSED_VARIABLE = YES;
				IPHONEOS_DEPLOYMENT_TARGET = 15.4;
				MTL_ENABLE_DEBUG_INFO = INCLUDE_SOURCE;
				MTL_FAST_MATH = YES;
				ONLY_ACTIVE_ARCH = YES;
				SDKROOT = iphoneos;
				SWIFT_ACTIVE_COMPILATION_CONDITIONS = DEBUG;
				SWIFT_OPTIMIZATION_LEVEL = "-Onone";
			};
			name = Debug;
		};
		12996DA4280AFA4C006DFF35 /* Release */ = {
			isa = XCBuildConfiguration;
			buildSettings = {
				ALWAYS_SEARCH_USER_PATHS = NO;
				CLANG_ANALYZER_NONNULL = YES;
				CLANG_ANALYZER_NUMBER_OBJECT_CONVERSION = YES_AGGRESSIVE;
				CLANG_CXX_LANGUAGE_STANDARD = "gnu++17";
				CLANG_ENABLE_MODULES = YES;
				CLANG_ENABLE_OBJC_ARC = YES;
				CLANG_ENABLE_OBJC_WEAK = YES;
				CLANG_WARN_BLOCK_CAPTURE_AUTORELEASING = YES;
				CLANG_WARN_BOOL_CONVERSION = YES;
				CLANG_WARN_COMMA = YES;
				CLANG_WARN_CONSTANT_CONVERSION = YES;
				CLANG_WARN_DEPRECATED_OBJC_IMPLEMENTATIONS = YES;
				CLANG_WARN_DIRECT_OBJC_ISA_USAGE = YES_ERROR;
				CLANG_WARN_DOCUMENTATION_COMMENTS = YES;
				CLANG_WARN_EMPTY_BODY = YES;
				CLANG_WARN_ENUM_CONVERSION = YES;
				CLANG_WARN_INFINITE_RECURSION = YES;
				CLANG_WARN_INT_CONVERSION = YES;
				CLANG_WARN_NON_LITERAL_NULL_CONVERSION = YES;
				CLANG_WARN_OBJC_IMPLICIT_RETAIN_SELF = YES;
				CLANG_WARN_OBJC_LITERAL_CONVERSION = YES;
				CLANG_WARN_OBJC_ROOT_CLASS = YES_ERROR;
				CLANG_WARN_QUOTED_INCLUDE_IN_FRAMEWORK_HEADER = YES;
				CLANG_WARN_RANGE_LOOP_ANALYSIS = YES;
				CLANG_WARN_STRICT_PROTOTYPES = YES;
				CLANG_WARN_SUSPICIOUS_MOVE = YES;
				CLANG_WARN_UNGUARDED_AVAILABILITY = YES_AGGRESSIVE;
				CLANG_WARN_UNREACHABLE_CODE = YES;
				CLANG_WARN__DUPLICATE_METHOD_MATCH = YES;
				COPY_PHASE_STRIP = NO;
				DEBUG_INFORMATION_FORMAT = "dwarf-with-dsym";
				ENABLE_NS_ASSERTIONS = NO;
				ENABLE_STRICT_OBJC_MSGSEND = YES;
				GCC_C_LANGUAGE_STANDARD = gnu11;
				GCC_NO_COMMON_BLOCKS = YES;
				GCC_WARN_64_TO_32_BIT_CONVERSION = YES;
				GCC_WARN_ABOUT_RETURN_TYPE = YES_ERROR;
				GCC_WARN_UNDECLARED_SELECTOR = YES;
				GCC_WARN_UNINITIALIZED_AUTOS = YES_AGGRESSIVE;
				GCC_WARN_UNUSED_FUNCTION = YES;
				GCC_WARN_UNUSED_VARIABLE = YES;
				IPHONEOS_DEPLOYMENT_TARGET = 15.4;
				MTL_ENABLE_DEBUG_INFO = NO;
				MTL_FAST_MATH = YES;
				SDKROOT = iphoneos;
				SWIFT_COMPILATION_MODE = wholemodule;
				SWIFT_OPTIMIZATION_LEVEL = "-O";
				VALIDATE_PRODUCT = YES;
			};
			name = Release;
		};
		12996DA6280AFA4C006DFF35 /* Debug */ = {
			isa = XCBuildConfiguration;
			buildSettings = {
				ASSETCATALOG_COMPILER_APPICON_NAME = AppIcon;
				ASSETCATALOG_COMPILER_GLOBAL_ACCENT_COLOR_NAME = AccentColor;
				CODE_SIGN_STYLE = Automatic;
				CURRENT_PROJECT_VERSION = 1;
				GENERATE_INFOPLIST_FILE = YES;
				INFOPLIST_FILE = CoreDataTest/Info.plist;
				INFOPLIST_KEY_UIApplicationSupportsIndirectInputEvents = YES;
				INFOPLIST_KEY_UILaunchStoryboardName = LaunchScreen;
				INFOPLIST_KEY_UIMainStoryboardFile = Main;
				INFOPLIST_KEY_UISupportedInterfaceOrientations_iPad = "UIInterfaceOrientationPortrait UIInterfaceOrientationPortraitUpsideDown UIInterfaceOrientationLandscapeLeft UIInterfaceOrientationLandscapeRight";
				INFOPLIST_KEY_UISupportedInterfaceOrientations_iPhone = "UIInterfaceOrientationPortrait UIInterfaceOrientationLandscapeLeft UIInterfaceOrientationLandscapeRight";
				LD_RUNPATH_SEARCH_PATHS = (
					"$(inherited)",
					"@executable_path/Frameworks",
				);
				MARKETING_VERSION = 1.0;
				PRODUCT_BUNDLE_IDENTIFIER = com.omanhattan.CoreDataTest;
				PRODUCT_NAME = "$(TARGET_NAME)";
				SWIFT_EMIT_LOC_STRINGS = YES;
				SWIFT_VERSION = 5.0;
				TARGETED_DEVICE_FAMILY = "1,2";
			};
			name = Debug;
		};
		12996DA7280AFA4C006DFF35 /* Release */ = {
			isa = XCBuildConfiguration;
			buildSettings = {
				ASSETCATALOG_COMPILER_APPICON_NAME = AppIcon;
				ASSETCATALOG_COMPILER_GLOBAL_ACCENT_COLOR_NAME = AccentColor;
				CODE_SIGN_STYLE = Automatic;
				CURRENT_PROJECT_VERSION = 1;
				GENERATE_INFOPLIST_FILE = YES;
				INFOPLIST_FILE = CoreDataTest/Info.plist;
				INFOPLIST_KEY_UIApplicationSupportsIndirectInputEvents = YES;
				INFOPLIST_KEY_UILaunchStoryboardName = LaunchScreen;
				INFOPLIST_KEY_UIMainStoryboardFile = Main;
				INFOPLIST_KEY_UISupportedInterfaceOrientations_iPad = "UIInterfaceOrientationPortrait UIInterfaceOrientationPortraitUpsideDown UIInterfaceOrientationLandscapeLeft UIInterfaceOrientationLandscapeRight";
				INFOPLIST_KEY_UISupportedInterfaceOrientations_iPhone = "UIInterfaceOrientationPortrait UIInterfaceOrientationLandscapeLeft UIInterfaceOrientationLandscapeRight";
				LD_RUNPATH_SEARCH_PATHS = (
					"$(inherited)",
					"@executable_path/Frameworks",
				);
				MARKETING_VERSION = 1.0;
				PRODUCT_BUNDLE_IDENTIFIER = com.omanhattan.CoreDataTest;
				PRODUCT_NAME = "$(TARGET_NAME)";
				SWIFT_EMIT_LOC_STRINGS = YES;
				SWIFT_VERSION = 5.0;
				TARGETED_DEVICE_FAMILY = "1,2";
			};
			name = Release;
		};
/* End XCBuildConfiguration section */

/* Begin XCConfigurationList section */
		12996D89280AFA4A006DFF35 /* Build configuration list for PBXProject "CoreDataTest" */ = {
			isa = XCConfigurationList;
			buildConfigurations = (
				12996DA3280AFA4C006DFF35 /* Debug */,
				12996DA4280AFA4C006DFF35 /* Release */,
			);
			defaultConfigurationIsVisible = 0;
			defaultConfigurationName = Release;
		};
		12996DA5280AFA4C006DFF35 /* Build configuration list for PBXNativeTarget "CoreDataTest" */ = {
			isa = XCConfigurationList;
			buildConfigurations = (
				12996DA6280AFA4C006DFF35 /* Debug */,
				12996DA7280AFA4C006DFF35 /* Release */,
			);
			defaultConfigurationIsVisible = 0;
			defaultConfigurationName = Release;
		};
/* End XCConfigurationList section */

/* Begin XCVersionGroup section */
		12996D9A280AFA4A006DFF35 /* CoreDataTest.xcdatamodeld */ = {
			isa = XCVersionGroup;
			children = (
				12996D9B280AFA4A006DFF35 /* CoreDataTest.xcdatamodel */,
			);
			currentVersion = 12996D9B280AFA4A006DFF35 /* CoreDataTest.xcdatamodel */;
			path = CoreDataTest.xcdatamodeld;
			sourceTree = "<group>";
			versionGroupType = wrapper.xcdatamodel;
		};
/* End XCVersionGroup section */
	};
	rootObject = 12996D86280AFA4A006DFF35 /* Project object */;
}
